
Microsoft Visual Studio Solution File, Format Version 12.00
# Visual Studio Version 16
VisualStudioVersion = 16.0.30413.136
MinimumVisualStudioVersion = 10.0.40219.1
Project("{8BC9CEB8-8B4A-11D0-8D11-00A0C91BC942}") = "TYP_lab1", "TYP_lab1\TYP_lab1.vcxproj", "{12526982-6664-485F-9D11-CEF5D2945FF1}"
EndProject
Global
	GlobalSection(SolutionConfigurationPlatforms) = preSolution
		Debug|x64 = Debug|x64
		Debug|x86 = Debug|x86
		Release|x64 = Release|x64
		Release|x86 = Release|x86
	EndGlobalSection
	GlobalSection(ProjectConfigurationPlatforms) = postSolution
		{12526982-6664-485F-9D11-CEF5D2945FF1}.Debug|x64.ActiveCfg = Debug|x64
		{12526982-6664-485F-9D11-CEF5D2945FF1}.Debug|x64.Build.0 = Debug|x64
		{12526982-6664-485F-9D11-CEF5D2945FF1}.Debug|x86.ActiveCfg = Debug|Win32
		{12526982-6664-485F-9D11-CEF5D2945FF1}.Debug|x86.Build.0 = Debug|Win32
		{12526982-6664-485F-9D11-CEF5D2945FF1}.Release|x64.ActiveCfg = Release|x64
		{12526982-6664-485F-9D11-CEF5D2945FF1}.Release|x64.Build.0 = Release|x64
		{12526982-6664-485F-9D11-CEF5D2945FF1}.Release|x86.ActiveCfg = Release|Win32
		{12526982-6664-485F-9D11-CEF5D2945FF1}.Release|x86.Build.0 = Release|Win32
	EndGlobalSection
	GlobalSection(SolutionProperties) = preSolution
		HideSolutionNode = FALSE
	EndGlobalSection
	GlobalSection(ExtensibilityGlobals) = postSolution
		SolutionGuid = {FFEF9B2A-A01D-4D1F-B544-7614D537F5F2}
	EndGlobalSection
EndGlobal
